
Microsoft Visual Studio Solution File, Format Version 12.00
# Visual Studio Version 16
VisualStudioVersion = 16.0.30204.135
MinimumVisualStudioVersion = 10.0.40219.1
Project("{FAE04EC0-301F-11D3-BF4B-00C04F79EFBC}") = "WorkingAttenuationSoftware", "WorkingAttenuationSoftware.csproj", "{01D5FC2F-7CCC-470C-A70C-CA43988C1F63}"
EndProject
Global
	GlobalSection(SolutionConfigurationPlatforms) = preSolution
		Debug|Any CPU = Debug|Any CPU
		Release|Any CPU = Release|Any CPU
	EndGlobalSection
	GlobalSection(ProjectConfigurationPlatforms) = postSolution
		{01D5FC2F-7CCC-470C-A70C-CA43988C1F63}.Debug|Any CPU.ActiveCfg = Debug|Any CPU
		{01D5FC2F-7CCC-470C-A70C-CA43988C1F63}.Debug|Any CPU.Build.0 = Debug|Any CPU
		{01D5FC2F-7CCC-470C-A70C-CA43988C1F63}.Release|Any CPU.ActiveCfg = Release|Any CPU
		{01D5FC2F-7CCC-470C-A70C-CA43988C1F63}.Release|Any CPU.Build.0 = Release|Any CPU
	EndGlobalSection
	GlobalSection(SolutionProperties) = preSolution
		HideSolutionNode = FALSE
	EndGlobalSection
	GlobalSection(ExtensibilityGlobals) = postSolution
		SolutionGuid = {81814FA8-C86B-49BE-A1E2-47A5B1B0DD7F}
	EndGlobalSection
EndGlobal
